
Microsoft Visual Studio Solution File, Format Version 12.00
# Visual Studio Version 17
VisualStudioVersion = 17.14.36121.58 d17.14
MinimumVisualStudioVersion = 10.0.40219.1
Project("{F2A71F9B-5D33-465A-A702-920D77279786}") = "EventMVPFINAL", "EventMVPFINAL\EventMVPFINAL.fsproj", "{BE3440DA-6321-47A2-B2C8-925240F9DAC5}"
EndProject
Project("{54A90642-561A-4BB1-A94E-469ADEE60C69}") = "eventmvp.client", "EventMVP\eventmvp.client\eventmvp.client.esproj", "{CF64185B-5676-D4CD-BCAC-5AD1723493DF}"
EndProject
Project("{FAE04EC0-301F-11D3-BF4B-00C04F79EFBC}") = "EventMVP.Server", "EventMVP\EventMVP.Server\EventMVP.Server.csproj", "{35BB7EE2-A6E1-4C7D-9EFC-84E66417A1CB}"
EndProject
Global
	GlobalSection(SolutionConfigurationPlatforms) = preSolution
		Debug|Any CPU = Debug|Any CPU
		Release|Any CPU = Release|Any CPU
	EndGlobalSection
	GlobalSection(ProjectConfigurationPlatforms) = postSolution
		{BE3440DA-6321-47A2-B2C8-925240F9DAC5}.Debug|Any CPU.ActiveCfg = Debug|Any CPU
		{BE3440DA-6321-47A2-B2C8-925240F9DAC5}.Debug|Any CPU.Build.0 = Debug|Any CPU
		{BE3440DA-6321-47A2-B2C8-925240F9DAC5}.Release|Any CPU.ActiveCfg = Release|Any CPU
		{BE3440DA-6321-47A2-B2C8-925240F9DAC5}.Release|Any CPU.Build.0 = Release|Any CPU
		{CF64185B-5676-D4CD-BCAC-5AD1723493DF}.Debug|Any CPU.ActiveCfg = Debug|Any CPU
		{CF64185B-5676-D4CD-BCAC-5AD1723493DF}.Debug|Any CPU.Build.0 = Debug|Any CPU
		{CF64185B-5676-D4CD-BCAC-5AD1723493DF}.Debug|Any CPU.Deploy.0 = Debug|Any CPU
		{CF64185B-5676-D4CD-BCAC-5AD1723493DF}.Release|Any CPU.ActiveCfg = Release|Any CPU
		{CF64185B-5676-D4CD-BCAC-5AD1723493DF}.Release|Any CPU.Build.0 = Release|Any CPU
		{CF64185B-5676-D4CD-BCAC-5AD1723493DF}.Release|Any CPU.Deploy.0 = Release|Any CPU
		{35BB7EE2-A6E1-4C7D-9EFC-84E66417A1CB}.Debug|Any CPU.ActiveCfg = Debug|Any CPU
		{35BB7EE2-A6E1-4C7D-9EFC-84E66417A1CB}.Debug|Any CPU.Build.0 = Debug|Any CPU
		{35BB7EE2-A6E1-4C7D-9EFC-84E66417A1CB}.Release|Any CPU.ActiveCfg = Release|Any CPU
		{35BB7EE2-A6E1-4C7D-9EFC-84E66417A1CB}.Release|Any CPU.Build.0 = Release|Any CPU
	EndGlobalSection
	GlobalSection(SolutionProperties) = preSolution
		HideSolutionNode = FALSE
	EndGlobalSection
	GlobalSection(ExtensibilityGlobals) = postSolution
		SolutionGuid = {2664C9AA-A8F6-4312-8F17-9052395A8D26}
	EndGlobalSection
EndGlobal
